// !$*UTF8*$!
{
	archiveVersion = 1;
	classes = {
	};
	objectVersion = 46;
	objects = {

/* Begin PBXBuildFile section */
		09284BF949044AA8A12A97F9 /* libPods.a in Frameworks */ = {isa = PBXBuildFile; fileRef = 66EB3E6F00EC4F5ABA9D9D64 /* libPods.a */; };
		FD135B51186DCB3700E5E900 /* MapKit.framework in Frameworks */ = {isa = PBXBuildFile; fileRef = FD135B50186DCB3700E5E900 /* MapKit.framework */; };
		FD1E2BC918698B6300B33431 /* green_tick@2x.png in Resources */ = {isa = PBXBuildFile; fileRef = FD1E2BC318698B6300B33431 /* green_tick@2x.png */; };
		FD1E2BCB18698B6300B33431 /* orange_exclamation@2x.png in Resources */ = {isa = PBXBuildFile; fileRef = FD1E2BC518698B6300B33431 /* orange_exclamation@2x.png */; };
		FD1E2BCD18698B6300B33431 /* red_cross@2x.png in Resources */ = {isa = PBXBuildFile; fileRef = FD1E2BC718698B6300B33431 /* red_cross@2x.png */; };
		FD2EBB8D18703EBE00AFE016 /* SCServiceTimetableViewController.m in Sources */ = {isa = PBXBuildFile; fileRef = FD2EBB8C18703EBE00AFE016 /* SCServiceTimetableViewController.m */; };
		FD2EBB941870A5F300AFE016 /* SCTimetableHeaderCell.m in Sources */ = {isa = PBXBuildFile; fileRef = FD2EBB931870A5F300AFE016 /* SCTimetableHeaderCell.m */; };
		FD2EBB971870A63600AFE016 /* SCTimetableDateCell.m in Sources */ = {isa = PBXBuildFile; fileRef = FD2EBB961870A63600AFE016 /* SCTimetableDateCell.m */; };
		FD2EBB9A1870A64B00AFE016 /* SCTimetableTimeCell.m in Sources */ = {isa = PBXBuildFile; fileRef = FD2EBB991870A64B00AFE016 /* SCTimetableTimeCell.m */; };
		FD49915F18C177AD0061D661 /* timetables.sqlite in Resources */ = {isa = PBXBuildFile; fileRef = FD49915E18C177AD0061D661 /* timetables.sqlite */; };
		FD49916518C185370061D661 /* SCRoute.m in Sources */ = {isa = PBXBuildFile; fileRef = FD49916418C185370061D661 /* SCRoute.m */; };
		FD49916818C185440061D661 /* SCLocation.m in Sources */ = {isa = PBXBuildFile; fileRef = FD49916718C185440061D661 /* SCLocation.m */; };
		FD49916B18C1856C0061D661 /* SCTrip.m in Sources */ = {isa = PBXBuildFile; fileRef = FD49916A18C1856C0061D661 /* SCTrip.m */; };
		FD6D819818C305DB00856955 /* ferry_icon@2x.png in Resources */ = {isa = PBXBuildFile; fileRef = FD6D819618C305DB00856955 /* ferry_icon@2x.png */; };
		FD6D819918C305DB00856955 /* train_icon@2x.png in Resources */ = {isa = PBXBuildFile; fileRef = FD6D819718C305DB00856955 /* train_icon@2x.png */; };
		FD7B6797186891F50034EF00 /* Foundation.framework in Frameworks */ = {isa = PBXBuildFile; fileRef = FD7B6796186891F50034EF00 /* Foundation.framework */; };
		FD7B6799186891F50034EF00 /* CoreGraphics.framework in Frameworks */ = {isa = PBXBuildFile; fileRef = FD7B6798186891F50034EF00 /* CoreGraphics.framework */; };
		FD7B679B186891F50034EF00 /* UIKit.framework in Frameworks */ = {isa = PBXBuildFile; fileRef = FD7B679A186891F50034EF00 /* UIKit.framework */; };
		FD7B67A1186891F50034EF00 /* InfoPlist.strings in Resources */ = {isa = PBXBuildFile; fileRef = FD7B679F186891F50034EF00 /* InfoPlist.strings */; };
		FD7B67A3186891F50034EF00 /* main.m in Sources */ = {isa = PBXBuildFile; fileRef = FD7B67A2186891F50034EF00 /* main.m */; };
		FD7B67A7186891F50034EF00 /* SCAppDelegate.m in Sources */ = {isa = PBXBuildFile; fileRef = FD7B67A6186891F50034EF00 /* SCAppDelegate.m */; };
		FD7B67AA186891F50034EF00 /* Main.storyboard in Resources */ = {isa = PBXBuildFile; fileRef = FD7B67A8186891F50034EF00 /* Main.storyboard */; };
		FD7B67AD186891F50034EF00 /* SCServicesViewController.m in Sources */ = {isa = PBXBuildFile; fileRef = FD7B67AC186891F50034EF00 /* SCServicesViewController.m */; };
		FD7B67B0186891F50034EF00 /* SCServiceDetailViewController.m in Sources */ = {isa = PBXBuildFile; fileRef = FD7B67AF186891F50034EF00 /* SCServiceDetailViewController.m */; };
		FD7B67B2186891F50034EF00 /* Images.xcassets in Resources */ = {isa = PBXBuildFile; fileRef = FD7B67B1186891F50034EF00 /* Images.xcassets */; };
		FD7B67B9186891F50034EF00 /* XCTest.framework in Frameworks */ = {isa = PBXBuildFile; fileRef = FD7B67B8186891F50034EF00 /* XCTest.framework */; };
		FD7B67BA186891F50034EF00 /* Foundation.framework in Frameworks */ = {isa = PBXBuildFile; fileRef = FD7B6796186891F50034EF00 /* Foundation.framework */; };
		FD7B67BB186891F50034EF00 /* UIKit.framework in Frameworks */ = {isa = PBXBuildFile; fileRef = FD7B679A186891F50034EF00 /* UIKit.framework */; };
		FD7B67C3186891F50034EF00 /* InfoPlist.strings in Resources */ = {isa = PBXBuildFile; fileRef = FD7B67C1186891F50034EF00 /* InfoPlist.strings */; };
		FD7B67C5186891F50034EF00 /* CalMacTests.m in Sources */ = {isa = PBXBuildFile; fileRef = FD7B67C4186891F50034EF00 /* CalMacTests.m */; };
		FD7B67D71868952B0034EF00 /* SCAPIClient.m in Sources */ = {isa = PBXBuildFile; fileRef = FD7B67D61868952B0034EF00 /* SCAPIClient.m */; };
		FD7B67DA186897F70034EF00 /* SCServiceStatus.m in Sources */ = {isa = PBXBuildFile; fileRef = FD7B67D9186897F70034EF00 /* SCServiceStatus.m */; };
		FD7B67DD1868980B0034EF00 /* SCDisruptionDetails.m in Sources */ = {isa = PBXBuildFile; fileRef = FD7B67DC1868980B0034EF00 /* SCDisruptionDetails.m */; };
		FD7B67E01868983D0034EF00 /* SCRouteDetails.m in Sources */ = {isa = PBXBuildFile; fileRef = FD7B67DF1868983D0034EF00 /* SCRouteDetails.m */; };
		FD7B67E31868C4F00034EF00 /* SCServiceStatusCell.m in Sources */ = {isa = PBXBuildFile; fileRef = FD7B67E21868C4F00034EF00 /* SCServiceStatusCell.m */; };
/* End PBXBuildFile section */

/* Begin PBXContainerItemProxy section */
		FD7B67BC186891F50034EF00 /* PBXContainerItemProxy */ = {
			isa = PBXContainerItemProxy;
			containerPortal = FD7B678B186891F40034EF00 /* Project object */;
			proxyType = 1;
			remoteGlobalIDString = FD7B6792186891F50034EF00;
			remoteInfo = CalMac;
		};
/* End PBXContainerItemProxy section */

/* Begin PBXFileReference section */
		66EB3E6F00EC4F5ABA9D9D64 /* libPods.a */ = {isa = PBXFileReference; explicitFileType = archive.ar; includeInIndex = 0; path = libPods.a; sourceTree = BUILT_PRODUCTS_DIR; };
		D5844D1C60DC4C5DB77DC4BE /* Pods.xcconfig */ = {isa = PBXFileReference; includeInIndex = 1; lastKnownFileType = text.xcconfig; name = Pods.xcconfig; path = Pods/Pods.xcconfig; sourceTree = SOURCE_ROOT; };
		FD135B50186DCB3700E5E900 /* MapKit.framework */ = {isa = PBXFileReference; lastKnownFileType = wrapper.framework; name = MapKit.framework; path = System/Library/Frameworks/MapKit.framework; sourceTree = SDKROOT; };
		FD1E2BC318698B6300B33431 /* green_tick@2x.png */ = {isa = PBXFileReference; lastKnownFileType = image.png; path = "green_tick@2x.png"; sourceTree = "<group>"; };
		FD1E2BC518698B6300B33431 /* orange_exclamation@2x.png */ = {isa = PBXFileReference; lastKnownFileType = image.png; path = "orange_exclamation@2x.png"; sourceTree = "<group>"; };
		FD1E2BC718698B6300B33431 /* red_cross@2x.png */ = {isa = PBXFileReference; lastKnownFileType = image.png; path = "red_cross@2x.png"; sourceTree = "<group>"; };
		FD2EBB8B18703EBE00AFE016 /* SCServiceTimetableViewController.h */ = {isa = PBXFileReference; fileEncoding = 4; lastKnownFileType = sourcecode.c.h; path = SCServiceTimetableViewController.h; sourceTree = "<group>"; };
		FD2EBB8C18703EBE00AFE016 /* SCServiceTimetableViewController.m */ = {isa = PBXFileReference; fileEncoding = 4; lastKnownFileType = sourcecode.c.objc; path = SCServiceTimetableViewController.m; sourceTree = "<group>"; };
		FD2EBB921870A5F300AFE016 /* SCTimetableHeaderCell.h */ = {isa = PBXFileReference; fileEncoding = 4; lastKnownFileType = sourcecode.c.h; path = SCTimetableHeaderCell.h; sourceTree = "<group>"; };
		FD2EBB931870A5F300AFE016 /* SCTimetableHeaderCell.m */ = {isa = PBXFileReference; fileEncoding = 4; lastKnownFileType = sourcecode.c.objc; path = SCTimetableHeaderCell.m; sourceTree = "<group>"; };
		FD2EBB951870A63600AFE016 /* SCTimetableDateCell.h */ = {isa = PBXFileReference; fileEncoding = 4; lastKnownFileType = sourcecode.c.h; path = SCTimetableDateCell.h; sourceTree = "<group>"; };
		FD2EBB961870A63600AFE016 /* SCTimetableDateCell.m */ = {isa = PBXFileReference; fileEncoding = 4; lastKnownFileType = sourcecode.c.objc; path = SCTimetableDateCell.m; sourceTree = "<group>"; };
		FD2EBB981870A64B00AFE016 /* SCTimetableTimeCell.h */ = {isa = PBXFileReference; fileEncoding = 4; lastKnownFileType = sourcecode.c.h; path = SCTimetableTimeCell.h; sourceTree = "<group>"; };
		FD2EBB991870A64B00AFE016 /* SCTimetableTimeCell.m */ = {isa = PBXFileReference; fileEncoding = 4; lastKnownFileType = sourcecode.c.objc; path = SCTimetableTimeCell.m; sourceTree = "<group>"; };
		FD49915E18C177AD0061D661 /* timetables.sqlite */ = {isa = PBXFileReference; lastKnownFileType = file; path = timetables.sqlite; sourceTree = SOURCE_ROOT; };
		FD49916318C185370061D661 /* SCRoute.h */ = {isa = PBXFileReference; fileEncoding = 4; lastKnownFileType = sourcecode.c.h; path = SCRoute.h; sourceTree = "<group>"; };
		FD49916418C185370061D661 /* SCRoute.m */ = {isa = PBXFileReference; fileEncoding = 4; lastKnownFileType = sourcecode.c.objc; path = SCRoute.m; sourceTree = "<group>"; };
		FD49916618C185440061D661 /* SCLocation.h */ = {isa = PBXFileReference; fileEncoding = 4; lastKnownFileType = sourcecode.c.h; path = SCLocation.h; sourceTree = "<group>"; };
		FD49916718C185440061D661 /* SCLocation.m */ = {isa = PBXFileReference; fileEncoding = 4; lastKnownFileType = sourcecode.c.objc; path = SCLocation.m; sourceTree = "<group>"; };
		FD49916918C1856C0061D661 /* SCTrip.h */ = {isa = PBXFileReference; fileEncoding = 4; lastKnownFileType = sourcecode.c.h; path = SCTrip.h; sourceTree = "<group>"; };
		FD49916A18C1856C0061D661 /* SCTrip.m */ = {isa = PBXFileReference; fileEncoding = 4; lastKnownFileType = sourcecode.c.objc; path = SCTrip.m; sourceTree = "<group>"; };
		FD6D819618C305DB00856955 /* ferry_icon@2x.png */ = {isa = PBXFileReference; lastKnownFileType = image.png; path = "ferry_icon@2x.png"; sourceTree = "<group>"; };
		FD6D819718C305DB00856955 /* train_icon@2x.png */ = {isa = PBXFileReference; lastKnownFileType = image.png; path = "train_icon@2x.png"; sourceTree = "<group>"; };
		FD7B6793186891F50034EF00 /* CalMac.app */ = {isa = PBXFileReference; explicitFileType = wrapper.application; includeInIndex = 0; path = CalMac.app; sourceTree = BUILT_PRODUCTS_DIR; };
		FD7B6796186891F50034EF00 /* Foundation.framework */ = {isa = PBXFileReference; lastKnownFileType = wrapper.framework; name = Foundation.framework; path = System/Library/Frameworks/Foundation.framework; sourceTree = SDKROOT; };
		FD7B6798186891F50034EF00 /* CoreGraphics.framework */ = {isa = PBXFileReference; lastKnownFileType = wrapper.framework; name = CoreGraphics.framework; path = System/Library/Frameworks/CoreGraphics.framework; sourceTree = SDKROOT; };
		FD7B679A186891F50034EF00 /* UIKit.framework */ = {isa = PBXFileReference; lastKnownFileType = wrapper.framework; name = UIKit.framework; path = System/Library/Frameworks/UIKit.framework; sourceTree = SDKROOT; };
		FD7B679E186891F50034EF00 /* CalMac-Info.plist */ = {isa = PBXFileReference; lastKnownFileType = text.plist.xml; path = "CalMac-Info.plist"; sourceTree = "<group>"; };
		FD7B67A0186891F50034EF00 /* en */ = {isa = PBXFileReference; lastKnownFileType = text.plist.strings; name = en; path = en.lproj/InfoPlist.strings; sourceTree = "<group>"; };
		FD7B67A2186891F50034EF00 /* main.m */ = {isa = PBXFileReference; lastKnownFileType = sourcecode.c.objc; path = main.m; sourceTree = "<group>"; };
		FD7B67A4186891F50034EF00 /* CalMac-Prefix.pch */ = {isa = PBXFileReference; lastKnownFileType = sourcecode.c.h; path = "CalMac-Prefix.pch"; sourceTree = "<group>"; };
		FD7B67A5186891F50034EF00 /* SCAppDelegate.h */ = {isa = PBXFileReference; lastKnownFileType = sourcecode.c.h; path = SCAppDelegate.h; sourceTree = "<group>"; };
		FD7B67A6186891F50034EF00 /* SCAppDelegate.m */ = {isa = PBXFileReference; lastKnownFileType = sourcecode.c.objc; path = SCAppDelegate.m; sourceTree = "<group>"; };
		FD7B67A9186891F50034EF00 /* Base */ = {isa = PBXFileReference; lastKnownFileType = file.storyboard; name = Base; path = Base.lproj/Main.storyboard; sourceTree = "<group>"; };
		FD7B67AB186891F50034EF00 /* SCServicesViewController.h */ = {isa = PBXFileReference; lastKnownFileType = sourcecode.c.h; path = SCServicesViewController.h; sourceTree = "<group>"; };
		FD7B67AC186891F50034EF00 /* SCServicesViewController.m */ = {isa = PBXFileReference; lastKnownFileType = sourcecode.c.objc; path = SCServicesViewController.m; sourceTree = "<group>"; };
		FD7B67AE186891F50034EF00 /* SCServiceDetailViewController.h */ = {isa = PBXFileReference; lastKnownFileType = sourcecode.c.h; path = SCServiceDetailViewController.h; sourceTree = "<group>"; };
		FD7B67AF186891F50034EF00 /* SCServiceDetailViewController.m */ = {isa = PBXFileReference; lastKnownFileType = sourcecode.c.objc; path = SCServiceDetailViewController.m; sourceTree = "<group>"; };
		FD7B67B1186891F50034EF00 /* Images.xcassets */ = {isa = PBXFileReference; lastKnownFileType = folder.assetcatalog; path = Images.xcassets; sourceTree = "<group>"; };
		FD7B67B7186891F50034EF00 /* CalMacTests.xctest */ = {isa = PBXFileReference; explicitFileType = wrapper.cfbundle; includeInIndex = 0; path = CalMacTests.xctest; sourceTree = BUILT_PRODUCTS_DIR; };
		FD7B67B8186891F50034EF00 /* XCTest.framework */ = {isa = PBXFileReference; lastKnownFileType = wrapper.framework; name = XCTest.framework; path = Library/Frameworks/XCTest.framework; sourceTree = DEVELOPER_DIR; };
		FD7B67C0186891F50034EF00 /* CalMacTests-Info.plist */ = {isa = PBXFileReference; lastKnownFileType = text.plist.xml; path = "CalMacTests-Info.plist"; sourceTree = "<group>"; };
		FD7B67C2186891F50034EF00 /* en */ = {isa = PBXFileReference; lastKnownFileType = text.plist.strings; name = en; path = en.lproj/InfoPlist.strings; sourceTree = "<group>"; };
		FD7B67C4186891F50034EF00 /* CalMacTests.m */ = {isa = PBXFileReference; lastKnownFileType = sourcecode.c.objc; path = CalMacTests.m; sourceTree = "<group>"; };
		FD7B67D51868952B0034EF00 /* SCAPIClient.h */ = {isa = PBXFileReference; fileEncoding = 4; lastKnownFileType = sourcecode.c.h; path = SCAPIClient.h; sourceTree = "<group>"; };
		FD7B67D61868952B0034EF00 /* SCAPIClient.m */ = {isa = PBXFileReference; fileEncoding = 4; lastKnownFileType = sourcecode.c.objc; path = SCAPIClient.m; sourceTree = "<group>"; };
		FD7B67D8186897F70034EF00 /* SCServiceStatus.h */ = {isa = PBXFileReference; fileEncoding = 4; lastKnownFileType = sourcecode.c.h; path = SCServiceStatus.h; sourceTree = "<group>"; };
		FD7B67D9186897F70034EF00 /* SCServiceStatus.m */ = {isa = PBXFileReference; fileEncoding = 4; lastKnownFileType = sourcecode.c.objc; path = SCServiceStatus.m; sourceTree = "<group>"; };
		FD7B67DB1868980B0034EF00 /* SCDisruptionDetails.h */ = {isa = PBXFileReference; fileEncoding = 4; lastKnownFileType = sourcecode.c.h; path = SCDisruptionDetails.h; sourceTree = "<group>"; };
		FD7B67DC1868980B0034EF00 /* SCDisruptionDetails.m */ = {isa = PBXFileReference; fileEncoding = 4; lastKnownFileType = sourcecode.c.objc; path = SCDisruptionDetails.m; sourceTree = "<group>"; };
		FD7B67DE1868983D0034EF00 /* SCRouteDetails.h */ = {isa = PBXFileReference; fileEncoding = 4; lastKnownFileType = sourcecode.c.h; path = SCRouteDetails.h; sourceTree = "<group>"; };
		FD7B67DF1868983D0034EF00 /* SCRouteDetails.m */ = {isa = PBXFileReference; fileEncoding = 4; lastKnownFileType = sourcecode.c.objc; path = SCRouteDetails.m; sourceTree = "<group>"; };
		FD7B67E11868C4F00034EF00 /* SCServiceStatusCell.h */ = {isa = PBXFileReference; fileEncoding = 4; lastKnownFileType = sourcecode.c.h; path = SCServiceStatusCell.h; sourceTree = "<group>"; };
		FD7B67E21868C4F00034EF00 /* SCServiceStatusCell.m */ = {isa = PBXFileReference; fileEncoding = 4; lastKnownFileType = sourcecode.c.objc; path = SCServiceStatusCell.m; sourceTree = "<group>"; };
		FD7B67E41868CD5E0034EF00 /* SCDisruptionStatus.h */ = {isa = PBXFileReference; lastKnownFileType = sourcecode.c.h; path = SCDisruptionStatus.h; sourceTree = "<group>"; };
/* End PBXFileReference section */

/* Begin PBXFrameworksBuildPhase section */
		FD7B6790186891F50034EF00 /* Frameworks */ = {
			isa = PBXFrameworksBuildPhase;
			buildActionMask = 2147483647;
			files = (
				FD7B6799186891F50034EF00 /* CoreGraphics.framework in Frameworks */,
				FD7B679B186891F50034EF00 /* UIKit.framework in Frameworks */,
				FD135B51186DCB3700E5E900 /* MapKit.framework in Frameworks */,
				FD7B6797186891F50034EF00 /* Foundation.framework in Frameworks */,
				09284BF949044AA8A12A97F9 /* libPods.a in Frameworks */,
			);
			runOnlyForDeploymentPostprocessing = 0;
		};
		FD7B67B4186891F50034EF00 /* Frameworks */ = {
			isa = PBXFrameworksBuildPhase;
			buildActionMask = 2147483647;
			files = (
				FD7B67B9186891F50034EF00 /* XCTest.framework in Frameworks */,
				FD7B67BB186891F50034EF00 /* UIKit.framework in Frameworks */,
				FD7B67BA186891F50034EF00 /* Foundation.framework in Frameworks */,
			);
			runOnlyForDeploymentPostprocessing = 0;
		};
/* End PBXFrameworksBuildPhase section */

/* Begin PBXGroup section */
		FD1E2BC118698B6300B33431 /* Resources */ = {
			isa = PBXGroup;
			children = (
				FD6D819618C305DB00856955 /* ferry_icon@2x.png */,
				FD6D819718C305DB00856955 /* train_icon@2x.png */,
				FD1E2BC318698B6300B33431 /* green_tick@2x.png */,
				FD1E2BC518698B6300B33431 /* orange_exclamation@2x.png */,
				FD1E2BC718698B6300B33431 /* red_cross@2x.png */,
			);
			path = Resources;
			sourceTree = "<group>";
		};
		FD2EBB8A187036B600AFE016 /* ServiceTimetableViewController */ = {
			isa = PBXGroup;
			children = (
				FD2EBB8B18703EBE00AFE016 /* SCServiceTimetableViewController.h */,
				FD2EBB8C18703EBE00AFE016 /* SCServiceTimetableViewController.m */,
				FD2EBB951870A63600AFE016 /* SCTimetableDateCell.h */,
				FD2EBB961870A63600AFE016 /* SCTimetableDateCell.m */,
				FD2EBB921870A5F300AFE016 /* SCTimetableHeaderCell.h */,
				FD2EBB931870A5F300AFE016 /* SCTimetableHeaderCell.m */,
				FD2EBB981870A64B00AFE016 /* SCTimetableTimeCell.h */,
				FD2EBB991870A64B00AFE016 /* SCTimetableTimeCell.m */,
			);
			name = ServiceTimetableViewController;
			sourceTree = "<group>";
		};
		FD7B678A186891F40034EF00 = {
			isa = PBXGroup;
			children = (
				FD49915E18C177AD0061D661 /* timetables.sqlite */,
				FD7B679C186891F50034EF00 /* CalMac */,
				FD1E2BC118698B6300B33431 /* Resources */,
				FD7B67BE186891F50034EF00 /* CalMacTests */,
				FD7B6795186891F50034EF00 /* Frameworks */,
				FD7B6794186891F50034EF00 /* Products */,
				D5844D1C60DC4C5DB77DC4BE /* Pods.xcconfig */,
			);
			sourceTree = "<group>";
		};
		FD7B6794186891F50034EF00 /* Products */ = {
			isa = PBXGroup;
			children = (
				FD7B6793186891F50034EF00 /* CalMac.app */,
				FD7B67B7186891F50034EF00 /* CalMacTests.xctest */,
			);
			name = Products;
			sourceTree = "<group>";
		};
		FD7B6795186891F50034EF00 /* Frameworks */ = {
			isa = PBXGroup;
			children = (
				FD135B50186DCB3700E5E900 /* MapKit.framework */,
				FD7B6796186891F50034EF00 /* Foundation.framework */,
				FD7B6798186891F50034EF00 /* CoreGraphics.framework */,
				FD7B679A186891F50034EF00 /* UIKit.framework */,
				FD7B67B8186891F50034EF00 /* XCTest.framework */,
				66EB3E6F00EC4F5ABA9D9D64 /* libPods.a */,
			);
			name = Frameworks;
			sourceTree = "<group>";
		};
		FD7B679C186891F50034EF00 /* CalMac */ = {
			isa = PBXGroup;
			children = (
				FDA91E16186F23C400306B45 /* Model */,
				FD7B67A5186891F50034EF00 /* SCAppDelegate.h */,
				FD7B67A6186891F50034EF00 /* SCAppDelegate.m */,
				FD7B67A8186891F50034EF00 /* Main.storyboard */,
				FD7B67E51868D3E80034EF00 /* ServicesViewController */,
				FD7B67E61868D3F50034EF00 /* ServiceDetailsViewController */,
				FD2EBB8A187036B600AFE016 /* ServiceTimetableViewController */,
				FD7B67D1186894C10034EF00 /* API Client */,
				FD7B67B1186891F50034EF00 /* Images.xcassets */,
				FD7B679D186891F50034EF00 /* Supporting Files */,
			);
			path = CalMac;
			sourceTree = "<group>";
		};
		FD7B679D186891F50034EF00 /* Supporting Files */ = {
			isa = PBXGroup;
			children = (
				FD7B679E186891F50034EF00 /* CalMac-Info.plist */,
				FD7B679F186891F50034EF00 /* InfoPlist.strings */,
				FD7B67A2186891F50034EF00 /* main.m */,
				FD7B67A4186891F50034EF00 /* CalMac-Prefix.pch */,
			);
			name = "Supporting Files";
			sourceTree = "<group>";
		};
		FD7B67BE186891F50034EF00 /* CalMacTests */ = {
			isa = PBXGroup;
			children = (
				FD7B67C4186891F50034EF00 /* CalMacTests.m */,
				FD7B67BF186891F50034EF00 /* Supporting Files */,
			);
			path = CalMacTests;
			sourceTree = "<group>";
		};
		FD7B67BF186891F50034EF00 /* Supporting Files */ = {
			isa = PBXGroup;
			children = (
				FD7B67C0186891F50034EF00 /* CalMacTests-Info.plist */,
				FD7B67C1186891F50034EF00 /* InfoPlist.strings */,
			);
			name = "Supporting Files";
			sourceTree = "<group>";
		};
		FD7B67D1186894C10034EF00 /* API Client */ = {
			isa = PBXGroup;
			children = (
				FD7B67D51868952B0034EF00 /* SCAPIClient.h */,
				FD7B67D61868952B0034EF00 /* SCAPIClient.m */,
				FD7B67D8186897F70034EF00 /* SCServiceStatus.h */,
				FD7B67D9186897F70034EF00 /* SCServiceStatus.m */,
				FD7B67DB1868980B0034EF00 /* SCDisruptionDetails.h */,
				FD7B67DC1868980B0034EF00 /* SCDisruptionDetails.m */,
				FD7B67DE1868983D0034EF00 /* SCRouteDetails.h */,
				FD7B67DF1868983D0034EF00 /* SCRouteDetails.m */,
				FD7B67E41868CD5E0034EF00 /* SCDisruptionStatus.h */,
			);
			name = "API Client";
			sourceTree = "<group>";
		};
		FD7B67E51868D3E80034EF00 /* ServicesViewController */ = {
			isa = PBXGroup;
			children = (
				FD7B67AB186891F50034EF00 /* SCServicesViewController.h */,
				FD7B67AC186891F50034EF00 /* SCServicesViewController.m */,
				FD7B67E11868C4F00034EF00 /* SCServiceStatusCell.h */,
				FD7B67E21868C4F00034EF00 /* SCServiceStatusCell.m */,
			);
			name = ServicesViewController;
			sourceTree = "<group>";
		};
		FD7B67E61868D3F50034EF00 /* ServiceDetailsViewController */ = {
			isa = PBXGroup;
			children = (
				FD7B67AE186891F50034EF00 /* SCServiceDetailViewController.h */,
				FD7B67AF186891F50034EF00 /* SCServiceDetailViewController.m */,
			);
			name = ServiceDetailsViewController;
			sourceTree = "<group>";
		};
		FDA91E16186F23C400306B45 /* Model */ = {
			isa = PBXGroup;
			children = (
				FD49916318C185370061D661 /* SCRoute.h */,
				FD49916418C185370061D661 /* SCRoute.m */,
				FD49916618C185440061D661 /* SCLocation.h */,
				FD49916718C185440061D661 /* SCLocation.m */,
				FD49916918C1856C0061D661 /* SCTrip.h */,
				FD49916A18C1856C0061D661 /* SCTrip.m */,
			);
			name = Model;
			sourceTree = "<group>";
		};
/* End PBXGroup section */

/* Begin PBXNativeTarget section */
		FD7B6792186891F50034EF00 /* CalMac */ = {
			isa = PBXNativeTarget;
			buildConfigurationList = FD7B67C8186891F50034EF00 /* Build configuration list for PBXNativeTarget "CalMac" */;
			buildPhases = (
				7015662A42F34E188EB56EA4 /* Check Pods Manifest.lock */,
				FD7B678F186891F50034EF00 /* Sources */,
				FD7B6790186891F50034EF00 /* Frameworks */,
				FD7B6791186891F50034EF00 /* Resources */,
				6F293D85723A4DBA9F242DC8 /* Copy Pods Resources */,
			);
			buildRules = (
			);
			dependencies = (
			);
			name = CalMac;
			productName = CalMac;
			productReference = FD7B6793186891F50034EF00 /* CalMac.app */;
			productType = "com.apple.product-type.application";
		};
		FD7B67B6186891F50034EF00 /* CalMacTests */ = {
			isa = PBXNativeTarget;
			buildConfigurationList = FD7B67CB186891F50034EF00 /* Build configuration list for PBXNativeTarget "CalMacTests" */;
			buildPhases = (
				FD7B67B3186891F50034EF00 /* Sources */,
				FD7B67B4186891F50034EF00 /* Frameworks */,
				FD7B67B5186891F50034EF00 /* Resources */,
			);
			buildRules = (
			);
			dependencies = (
				FD7B67BD186891F50034EF00 /* PBXTargetDependency */,
			);
			name = CalMacTests;
			productName = CalMacTests;
			productReference = FD7B67B7186891F50034EF00 /* CalMacTests.xctest */;
			productType = "com.apple.product-type.bundle.unit-test";
		};
/* End PBXNativeTarget section */

/* Begin PBXProject section */
		FD7B678B186891F40034EF00 /* Project object */ = {
			isa = PBXProject;
			attributes = {
				CLASSPREFIX = SC;
				LastUpgradeCheck = 0500;
				ORGANIZATIONNAME = "Stefan Church";
				TargetAttributes = {
					FD7B6792186891F50034EF00 = {
						DevelopmentTeam = L832SX5MC4;
						SystemCapabilities = {
							com.apple.iOS = {
								enabled = 1;
							};
						};
					};
					FD7B67B6186891F50034EF00 = {
						TestTargetID = FD7B6792186891F50034EF00;
					};
				};
			};
			buildConfigurationList = FD7B678E186891F40034EF00 /* Build configuration list for PBXProject "CalMac" */;
			compatibilityVersion = "Xcode 3.2";
			developmentRegion = English;
			hasScannedForEncodings = 0;
			knownRegions = (
				en,
				Base,
			);
			mainGroup = FD7B678A186891F40034EF00;
			productRefGroup = FD7B6794186891F50034EF00 /* Products */;
			projectDirPath = "";
			projectRoot = "";
			targets = (
				FD7B6792186891F50034EF00 /* CalMac */,
				FD7B67B6186891F50034EF00 /* CalMacTests */,
			);
		};
/* End PBXProject section */

/* Begin PBXResourcesBuildPhase section */
		FD7B6791186891F50034EF00 /* Resources */ = {
			isa = PBXResourcesBuildPhase;
			buildActionMask = 2147483647;
			files = (
				FD7B67B2186891F50034EF00 /* Images.xcassets in Resources */,
				FD6D819918C305DB00856955 /* train_icon@2x.png in Resources */,
				FD7B67A1186891F50034EF00 /* InfoPlist.strings in Resources */,
				FD1E2BCB18698B6300B33431 /* orange_exclamation@2x.png in Resources */,
				FD7B67AA186891F50034EF00 /* Main.storyboard in Resources */,
				FD1E2BC918698B6300B33431 /* green_tick@2x.png in Resources */,
				FD1E2BCD18698B6300B33431 /* red_cross@2x.png in Resources */,
				FD6D819818C305DB00856955 /* ferry_icon@2x.png in Resources */,
				FD49915F18C177AD0061D661 /* timetables.sqlite in Resources */,
			);
			runOnlyForDeploymentPostprocessing = 0;
		};
		FD7B67B5186891F50034EF00 /* Resources */ = {
			isa = PBXResourcesBuildPhase;
			buildActionMask = 2147483647;
			files = (
				FD7B67C3186891F50034EF00 /* InfoPlist.strings in Resources */,
			);
			runOnlyForDeploymentPostprocessing = 0;
		};
/* End PBXResourcesBuildPhase section */

/* Begin PBXShellScriptBuildPhase section */
		6F293D85723A4DBA9F242DC8 /* Copy Pods Resources */ = {
			isa = PBXShellScriptBuildPhase;
			buildActionMask = 2147483647;
			files = (
			);
			inputPaths = (
			);
			name = "Copy Pods Resources";
			outputPaths = (
			);
			runOnlyForDeploymentPostprocessing = 0;
			shellPath = /bin/sh;
			shellScript = "\"${SRCROOT}/Pods/Pods-resources.sh\"\n";
			showEnvVarsInLog = 0;
		};
		7015662A42F34E188EB56EA4 /* Check Pods Manifest.lock */ = {
			isa = PBXShellScriptBuildPhase;
			buildActionMask = 2147483647;
			files = (
			);
			inputPaths = (
			);
			name = "Check Pods Manifest.lock";
			outputPaths = (
			);
			runOnlyForDeploymentPostprocessing = 0;
			shellPath = /bin/sh;
			shellScript = "diff \"${PODS_ROOT}/../Podfile.lock\" \"${PODS_ROOT}/Manifest.lock\" > /dev/null\nif [[ $? != 0 ]] ; then\n    cat << EOM\nerror: The sandbox is not in sync with the Podfile.lock. Run 'pod install' or update your CocoaPods installation.\nEOM\n    exit 1\nfi\n";
			showEnvVarsInLog = 0;
		};
/* End PBXShellScriptBuildPhase section */

/* Begin PBXSourcesBuildPhase section */
		FD7B678F186891F50034EF00 /* Sources */ = {
			isa = PBXSourcesBuildPhase;
			buildActionMask = 2147483647;
			files = (
				FD7B67AD186891F50034EF00 /* SCServicesViewController.m in Sources */,
				FD49916518C185370061D661 /* SCRoute.m in Sources */,
				FD2EBB971870A63600AFE016 /* SCTimetableDateCell.m in Sources */,
				FD2EBB941870A5F300AFE016 /* SCTimetableHeaderCell.m in Sources */,
				FD2EBB8D18703EBE00AFE016 /* SCServiceTimetableViewController.m in Sources */,
				FD7B67DA186897F70034EF00 /* SCServiceStatus.m in Sources */,
				FD7B67E31868C4F00034EF00 /* SCServiceStatusCell.m in Sources */,
				FD7B67A7186891F50034EF00 /* SCAppDelegate.m in Sources */,
				FD49916B18C1856C0061D661 /* SCTrip.m in Sources */,
				FD7B67DD1868980B0034EF00 /* SCDisruptionDetails.m in Sources */,
				FD49916818C185440061D661 /* SCLocation.m in Sources */,
				FD2EBB9A1870A64B00AFE016 /* SCTimetableTimeCell.m in Sources */,
				FD7B67D71868952B0034EF00 /* SCAPIClient.m in Sources */,
				FD7B67A3186891F50034EF00 /* main.m in Sources */,
				FD7B67E01868983D0034EF00 /* SCRouteDetails.m in Sources */,
				FD7B67B0186891F50034EF00 /* SCServiceDetailViewController.m in Sources */,
			);
			runOnlyForDeploymentPostprocessing = 0;
		};
		FD7B67B3186891F50034EF00 /* Sources */ = {
			isa = PBXSourcesBuildPhase;
			buildActionMask = 2147483647;
			files = (
				FD7B67C5186891F50034EF00 /* CalMacTests.m in Sources */,
			);
			runOnlyForDeploymentPostprocessing = 0;
		};
/* End PBXSourcesBuildPhase section */

/* Begin PBXTargetDependency section */
		FD7B67BD186891F50034EF00 /* PBXTargetDependency */ = {
			isa = PBXTargetDependency;
			target = FD7B6792186891F50034EF00 /* CalMac */;
			targetProxy = FD7B67BC186891F50034EF00 /* PBXContainerItemProxy */;
		};
/* End PBXTargetDependency section */

/* Begin PBXVariantGroup section */
		FD7B679F186891F50034EF00 /* InfoPlist.strings */ = {
			isa = PBXVariantGroup;
			children = (
				FD7B67A0186891F50034EF00 /* en */,
			);
			name = InfoPlist.strings;
			sourceTree = "<group>";
		};
		FD7B67A8186891F50034EF00 /* Main.storyboard */ = {
			isa = PBXVariantGroup;
			children = (
				FD7B67A9186891F50034EF00 /* Base */,
			);
			name = Main.storyboard;
			sourceTree = "<group>";
		};
		FD7B67C1186891F50034EF00 /* InfoPlist.strings */ = {
			isa = PBXVariantGroup;
			children = (
				FD7B67C2186891F50034EF00 /* en */,
			);
			name = InfoPlist.strings;
			sourceTree = "<group>";
		};
/* End PBXVariantGroup section */

/* Begin XCBuildConfiguration section */
		FD7B67C6186891F50034EF00 /* Debug */ = {
			isa = XCBuildConfiguration;
			buildSettings = {
				ALWAYS_SEARCH_USER_PATHS = NO;
				ARCHS = "$(ARCHS_STANDARD_INCLUDING_64_BIT)";
				CLANG_CXX_LANGUAGE_STANDARD = "gnu++0x";
				CLANG_CXX_LIBRARY = "libc++";
				CLANG_ENABLE_MODULES = YES;
				CLANG_ENABLE_OBJC_ARC = YES;
				CLANG_WARN_BOOL_CONVERSION = YES;
				CLANG_WARN_CONSTANT_CONVERSION = YES;
				CLANG_WARN_DIRECT_OBJC_ISA_USAGE = YES_ERROR;
				CLANG_WARN_EMPTY_BODY = YES;
				CLANG_WARN_ENUM_CONVERSION = YES;
				CLANG_WARN_INT_CONVERSION = YES;
				CLANG_WARN_OBJC_ROOT_CLASS = YES_ERROR;
				CLANG_WARN__DUPLICATE_METHOD_MATCH = YES;
				"CODE_SIGN_IDENTITY[sdk=iphoneos*]" = "iPhone Developer";
				COPY_PHASE_STRIP = NO;
				GCC_C_LANGUAGE_STANDARD = gnu99;
				GCC_DYNAMIC_NO_PIC = NO;
				GCC_OPTIMIZATION_LEVEL = 0;
				GCC_PREPROCESSOR_DEFINITIONS = (
					"DEBUG=1",
					"$(inherited)",
				);
				GCC_SYMBOLS_PRIVATE_EXTERN = NO;
				GCC_WARN_64_TO_32_BIT_CONVERSION = YES;
				GCC_WARN_ABOUT_RETURN_TYPE = YES_ERROR;
				GCC_WARN_UNDECLARED_SELECTOR = YES;
				GCC_WARN_UNINITIALIZED_AUTOS = YES;
				GCC_WARN_UNUSED_FUNCTION = YES;
				GCC_WARN_UNUSED_VARIABLE = YES;
				IPHONEOS_DEPLOYMENT_TARGET = 7.0;
				ONLY_ACTIVE_ARCH = YES;
				SDKROOT = iphoneos;
			};
			name = Debug;
		};
		FD7B67C7186891F50034EF00 /* Release */ = {
			isa = XCBuildConfiguration;
			buildSettings = {
				ALWAYS_SEARCH_USER_PATHS = NO;
				ARCHS = "$(ARCHS_STANDARD_INCLUDING_64_BIT)";
				CLANG_CXX_LANGUAGE_STANDARD = "gnu++0x";
				CLANG_CXX_LIBRARY = "libc++";
				CLANG_ENABLE_MODULES = YES;
				CLANG_ENABLE_OBJC_ARC = YES;
				CLANG_WARN_BOOL_CONVERSION = YES;
				CLANG_WARN_CONSTANT_CONVERSION = YES;
				CLANG_WARN_DIRECT_OBJC_ISA_USAGE = YES_ERROR;
				CLANG_WARN_EMPTY_BODY = YES;
				CLANG_WARN_ENUM_CONVERSION = YES;
				CLANG_WARN_INT_CONVERSION = YES;
				CLANG_WARN_OBJC_ROOT_CLASS = YES_ERROR;
				CLANG_WARN__DUPLICATE_METHOD_MATCH = YES;
				"CODE_SIGN_IDENTITY[sdk=iphoneos*]" = "iPhone Developer";
				COPY_PHASE_STRIP = YES;
				ENABLE_NS_ASSERTIONS = NO;
				GCC_C_LANGUAGE_STANDARD = gnu99;
				GCC_WARN_64_TO_32_BIT_CONVERSION = YES;
				GCC_WARN_ABOUT_RETURN_TYPE = YES_ERROR;
				GCC_WARN_UNDECLARED_SELECTOR = YES;
				GCC_WARN_UNINITIALIZED_AUTOS = YES;
				GCC_WARN_UNUSED_FUNCTION = YES;
				GCC_WARN_UNUSED_VARIABLE = YES;
				IPHONEOS_DEPLOYMENT_TARGET = 7.0;
				SDKROOT = iphoneos;
				VALIDATE_PRODUCT = YES;
			};
			name = Release;
		};
		FD7B67C9186891F50034EF00 /* Debug */ = {
			isa = XCBuildConfiguration;
			baseConfigurationReference = D5844D1C60DC4C5DB77DC4BE /* Pods.xcconfig */;
			buildSettings = {
				ASSETCATALOG_COMPILER_APPICON_NAME = AppIcon;
				ASSETCATALOG_COMPILER_LAUNCHIMAGE_NAME = LaunchImage;
				CODE_SIGN_IDENTITY = "iPhone Developer";
				"CODE_SIGN_IDENTITY[sdk=iphoneos*]" = "iPhone Developer";
				GCC_PRECOMPILE_PREFIX_HEADER = YES;
				GCC_PREFIX_HEADER = "CalMac/CalMac-Prefix.pch";
				INFOPLIST_FILE = "CalMac/CalMac-Info.plist";
				PRODUCT_NAME = "$(TARGET_NAME)";
				PROVISIONING_PROFILE = "";
				WRAPPER_EXTENSION = app;
			};
			name = Debug;
		};
		FD7B67CA186891F50034EF00 /* Release */ = {
			isa = XCBuildConfiguration;
			baseConfigurationReference = D5844D1C60DC4C5DB77DC4BE /* Pods.xcconfig */;
			buildSettings = {
				ASSETCATALOG_COMPILER_APPICON_NAME = AppIcon;
				ASSETCATALOG_COMPILER_LAUNCHIMAGE_NAME = LaunchImage;
				CODE_SIGN_IDENTITY = "iPhone Developer";
				"CODE_SIGN_IDENTITY[sdk=iphoneos*]" = "iPhone Developer";
				GCC_PRECOMPILE_PREFIX_HEADER = YES;
				GCC_PREFIX_HEADER = "CalMac/CalMac-Prefix.pch";
				INFOPLIST_FILE = "CalMac/CalMac-Info.plist";
				PRODUCT_NAME = "$(TARGET_NAME)";
				PROVISIONING_PROFILE = "";
				WRAPPER_EXTENSION = app;
			};
			name = Release;
		};
		FD7B67CC186891F50034EF00 /* Debug */ = {
			isa = XCBuildConfiguration;
			buildSettings = {
				ARCHS = "$(ARCHS_STANDARD_INCLUDING_64_BIT)";
				BUNDLE_LOADER = "$(BUILT_PRODUCTS_DIR)/CalMac.app/CalMac";
				FRAMEWORK_SEARCH_PATHS = (
					"$(SDKROOT)/Developer/Library/Frameworks",
					"$(inherited)",
					"$(DEVELOPER_FRAMEWORKS_DIR)",
				);
				GCC_PRECOMPILE_PREFIX_HEADER = YES;
				GCC_PREFIX_HEADER = "CalMac/CalMac-Prefix.pch";
				GCC_PREPROCESSOR_DEFINITIONS = (
					"DEBUG=1",
					"$(inherited)",
				);
				INFOPLIST_FILE = "CalMacTests/CalMacTests-Info.plist";
				PRODUCT_NAME = "$(TARGET_NAME)";
				TEST_HOST = "$(BUNDLE_LOADER)";
				WRAPPER_EXTENSION = xctest;
			};
			name = Debug;
		};
		FD7B67CD186891F50034EF00 /* Release */ = {
			isa = XCBuildConfiguration;
			buildSettings = {
				ARCHS = "$(ARCHS_STANDARD_INCLUDING_64_BIT)";
				BUNDLE_LOADER = "$(BUILT_PRODUCTS_DIR)/CalMac.app/CalMac";
				FRAMEWORK_SEARCH_PATHS = (
					"$(SDKROOT)/Developer/Library/Frameworks",
					"$(inherited)",
					"$(DEVELOPER_FRAMEWORKS_DIR)",
				);
				GCC_PRECOMPILE_PREFIX_HEADER = YES;
				GCC_PREFIX_HEADER = "CalMac/CalMac-Prefix.pch";
				INFOPLIST_FILE = "CalMacTests/CalMacTests-Info.plist";
				PRODUCT_NAME = "$(TARGET_NAME)";
				TEST_HOST = "$(BUNDLE_LOADER)";
				WRAPPER_EXTENSION = xctest;
			};
			name = Release;
		};
/* End XCBuildConfiguration section */

/* Begin XCConfigurationList section */
		FD7B678E186891F40034EF00 /* Build configuration list for PBXProject "CalMac" */ = {
			isa = XCConfigurationList;
			buildConfigurations = (
				FD7B67C6186891F50034EF00 /* Debug */,
				FD7B67C7186891F50034EF00 /* Release */,
			);
			defaultConfigurationIsVisible = 0;
			defaultConfigurationName = Release;
		};
		FD7B67C8186891F50034EF00 /* Build configuration list for PBXNativeTarget "CalMac" */ = {
			isa = XCConfigurationList;
			buildConfigurations = (
				FD7B67C9186891F50034EF00 /* Debug */,
				FD7B67CA186891F50034EF00 /* Release */,
			);
			defaultConfigurationIsVisible = 0;
			defaultConfigurationName = Release;
		};
		FD7B67CB186891F50034EF00 /* Build configuration list for PBXNativeTarget "CalMacTests" */ = {
			isa = XCConfigurationList;
			buildConfigurations = (
				FD7B67CC186891F50034EF00 /* Debug */,
				FD7B67CD186891F50034EF00 /* Release */,
			);
			defaultConfigurationIsVisible = 0;
			defaultConfigurationName = Release;
		};
/* End XCConfigurationList section */
	};
	rootObject = FD7B678B186891F40034EF00 /* Project object */;
}
